
Microsoft Visual Studio Solution File, Format Version 12.00
# Visual Studio Version 17
VisualStudioVersion = 17.4.33213.308
MinimumVisualStudioVersion = 10.0.40219.1
Project("{FAE04EC0-301F-11D3-BF4B-00C04F79EFBC}") = "TareasMVC", "TareasMVC\TareasMVC.csproj", "{135E7349-C06C-41D0-95DB-711522A78E1D}"
EndProject
Global
	GlobalSection(SolutionConfigurationPlatforms) = preSolution
		Debug|Any CPU = Debug|Any CPU
		Release|Any CPU = Release|Any CPU
	EndGlobalSection
	GlobalSection(ProjectConfigurationPlatforms) = postSolution
		{135E7349-C06C-41D0-95DB-711522A78E1D}.Debug|Any CPU.ActiveCfg = Debug|Any CPU
		{135E7349-C06C-41D0-95DB-711522A78E1D}.Debug|Any CPU.Build.0 = Debug|Any CPU
		{135E7349-C06C-41D0-95DB-711522A78E1D}.Release|Any CPU.ActiveCfg = Release|Any CPU
		{135E7349-C06C-41D0-95DB-711522A78E1D}.Release|Any CPU.Build.0 = Release|Any CPU
	EndGlobalSection
	GlobalSection(SolutionProperties) = preSolution
		HideSolutionNode = FALSE
	EndGlobalSection
	GlobalSection(ExtensibilityGlobals) = postSolution
		SolutionGuid = {2D290614-8120-489F-B378-C9F3B7DD3F39}
	EndGlobalSection
EndGlobal
